
Microsoft Visual Studio Solution File, Format Version 12.00
# Visual Studio 15
VisualStudioVersion = 15.0.26430.14
MinimumVisualStudioVersion = 10.0.40219.1
Project("{8BC9CEB8-8B4A-11D0-8D11-00A0C91BC942}") = "kofwloader", "MFCApplication1.vcxproj", "{DBC4951C-40C7-40CD-B6DF-CB9BF2A4D561}"
	ProjectSection(ProjectDependencies) = postProject
		{94E0DA6C-F15C-416A-8992-5B067095F473} = {94E0DA6C-F15C-416A-8992-5B067095F473}
	EndProjectSection
EndProject
Project("{8BC9CEB8-8B4A-11D0-8D11-00A0C91BC942}") = "Xenos", "ext\Xenos-master\src\Xenos - 副本.vcxproj", "{94E0DA6C-F15C-416A-8992-5B067095F473}"
EndProject
Project("{8BC9CEB8-8B4A-11D0-8D11-00A0C91BC942}") = "BlackBone", "ext\Xenos-master\ext\blackbone\src\BlackBone\BlackBone.vcxproj", "{A2C53563-46F5-4D87-903F-3F1F2FDB2DEB}"
EndProject
Project("{8BC9CEB8-8B4A-11D0-8D11-00A0C91BC942}") = "HandleMaster", "ext\HandleMaster\HandleMaster.vcxproj", "{86B4176D-F752-413D-A0A0-57FCAD4059DB}"
EndProject
Project("{8BC9CEB8-8B4A-11D0-8D11-00A0C91BC942}") = "tslgame", "ext\tslgame\tslgame.vcxproj", "{AAF6F103-01D4-4831-9007-F3D0599143D3}"
EndProject
Project("{8BC9CEB8-8B4A-11D0-8D11-00A0C91BC942}") = "new360dll", "ext\new360dll\new360dll.vcxproj", "{FC412800-D458-45EE-B006-5D1647AB4CC1}"
EndProject
Project("{8BC9CEB8-8B4A-11D0-8D11-00A0C91BC942}") = "Hook", "ext\HookOpenProcess_360\BeepHook\BeepHook.vcxproj", "{A8BAA208-D883-4983-A580-A032B373E8FB}"
EndProject
Project("{8BC9CEB8-8B4A-11D0-8D11-00A0C91BC942}") = "HLeaker", "..\..\HLeaker-master\HLeaker - c++\HLeaker\HLeaker.vcxproj", "{C27EF22F-DC58-4A79-8C40-4E24894C7AD0}"
EndProject
Project("{8BC9CEB8-8B4A-11D0-8D11-00A0C91BC942}") = "testpipe", "ext\testpipe\testpipe\testpipe.vcxproj", "{B99F32EA-EFD6-4414-9599-ED2838362CE4}"
EndProject
Global
	GlobalSection(SolutionConfigurationPlatforms) = preSolution
		Debug(DLL)|x64 = Debug(DLL)|x64
		Debug(DLL)|x86 = Debug(DLL)|x86
		Debug(XP)|x64 = Debug(XP)|x64
		Debug(XP)|x86 = Debug(XP)|x86
		Debug|x64 = Debug|x64
		Debug|x86 = Debug|x86
		Release(DLL)|x64 = Release(DLL)|x64
		Release(DLL)|x86 = Release(DLL)|x86
		Release(XP)|x64 = Release(XP)|x64
		Release(XP)|x86 = Release(XP)|x86
		Release|x64 = Release|x64
		Release|x86 = Release|x86
	EndGlobalSection
	GlobalSection(ProjectConfigurationPlatforms) = postSolution
		{DBC4951C-40C7-40CD-B6DF-CB9BF2A4D561}.Debug(DLL)|x64.ActiveCfg = Debug|x64
		{DBC4951C-40C7-40CD-B6DF-CB9BF2A4D561}.Debug(DLL)|x64.Build.0 = Debug|x64
		{DBC4951C-40C7-40CD-B6DF-CB9BF2A4D561}.Debug(DLL)|x86.ActiveCfg = Debug|Win32
		{DBC4951C-40C7-40CD-B6DF-CB9BF2A4D561}.Debug(DLL)|x86.Build.0 = Debug|Win32
		{DBC4951C-40C7-40CD-B6DF-CB9BF2A4D561}.Debug(XP)|x64.ActiveCfg = Debug|x64
		{DBC4951C-40C7-40CD-B6DF-CB9BF2A4D561}.Debug(XP)|x64.Build.0 = Debug|x64
		{DBC4951C-40C7-40CD-B6DF-CB9BF2A4D561}.Debug(XP)|x86.ActiveCfg = Debug|Win32
		{DBC4951C-40C7-40CD-B6DF-CB9BF2A4D561}.Debug(XP)|x86.Build.0 = Debug|Win32
		{DBC4951C-40C7-40CD-B6DF-CB9BF2A4D561}.Debug|x64.ActiveCfg = Debug|x64
		{DBC4951C-40C7-40CD-B6DF-CB9BF2A4D561}.Debug|x64.Build.0 = Debug|x64
		{DBC4951C-40C7-40CD-B6DF-CB9BF2A4D561}.Debug|x86.ActiveCfg = Debug|Win32
		{DBC4951C-40C7-40CD-B6DF-CB9BF2A4D561}.Debug|x86.Build.0 = Debug|Win32
		{DBC4951C-40C7-40CD-B6DF-CB9BF2A4D561}.Release(DLL)|x64.ActiveCfg = Release|x64
		{DBC4951C-40C7-40CD-B6DF-CB9BF2A4D561}.Release(DLL)|x64.Build.0 = Release|x64
		{DBC4951C-40C7-40CD-B6DF-CB9BF2A4D561}.Release(DLL)|x86.ActiveCfg = Release|Win32
		{DBC4951C-40C7-40CD-B6DF-CB9BF2A4D561}.Release(DLL)|x86.Build.0 = Release|Win32
		{DBC4951C-40C7-40CD-B6DF-CB9BF2A4D561}.Release(XP)|x64.ActiveCfg = Release|x64
		{DBC4951C-40C7-40CD-B6DF-CB9BF2A4D561}.Release(XP)|x64.Build.0 = Release|x64
		{DBC4951C-40C7-40CD-B6DF-CB9BF2A4D561}.Release(XP)|x86.ActiveCfg = Release|Win32
		{DBC4951C-40C7-40CD-B6DF-CB9BF2A4D561}.Release(XP)|x86.Build.0 = Release|Win32
		{DBC4951C-40C7-40CD-B6DF-CB9BF2A4D561}.Release|x64.ActiveCfg = Release|x64
		{DBC4951C-40C7-40CD-B6DF-CB9BF2A4D561}.Release|x64.Build.0 = Release|x64
		{DBC4951C-40C7-40CD-B6DF-CB9BF2A4D561}.Release|x64.Deploy.0 = Release|x64
		{DBC4951C-40C7-40CD-B6DF-CB9BF2A4D561}.Release|x86.ActiveCfg = Release|Win32
		{DBC4951C-40C7-40CD-B6DF-CB9BF2A4D561}.Release|x86.Build.0 = Release|Win32
		{94E0DA6C-F15C-416A-8992-5B067095F473}.Debug(DLL)|x64.ActiveCfg = Debug|x64
		{94E0DA6C-F15C-416A-8992-5B067095F473}.Debug(DLL)|x64.Build.0 = Debug|x64
		{94E0DA6C-F15C-416A-8992-5B067095F473}.Debug(DLL)|x86.ActiveCfg = Debug|Win32
		{94E0DA6C-F15C-416A-8992-5B067095F473}.Debug(DLL)|x86.Build.0 = Debug|Win32
		{94E0DA6C-F15C-416A-8992-5B067095F473}.Debug(XP)|x64.ActiveCfg = Debug|x64
		{94E0DA6C-F15C-416A-8992-5B067095F473}.Debug(XP)|x64.Build.0 = Debug|x64
		{94E0DA6C-F15C-416A-8992-5B067095F473}.Debug(XP)|x86.ActiveCfg = Debug|Win32
		{94E0DA6C-F15C-416A-8992-5B067095F473}.Debug(XP)|x86.Build.0 = Debug|Win32
		{94E0DA6C-F15C-416A-8992-5B067095F473}.Debug|x64.ActiveCfg = Debug|x64
		{94E0DA6C-F15C-416A-8992-5B067095F473}.Debug|x64.Build.0 = Debug|x64
		{94E0DA6C-F15C-416A-8992-5B067095F473}.Debug|x86.ActiveCfg = Debug|Win32
		{94E0DA6C-F15C-416A-8992-5B067095F473}.Debug|x86.Build.0 = Debug|Win32
		{94E0DA6C-F15C-416A-8992-5B067095F473}.Release(DLL)|x64.ActiveCfg = Release|x64
		{94E0DA6C-F15C-416A-8992-5B067095F473}.Release(DLL)|x64.Build.0 = Release|x64
		{94E0DA6C-F15C-416A-8992-5B067095F473}.Release(DLL)|x86.ActiveCfg = Release|Win32
		{94E0DA6C-F15C-416A-8992-5B067095F473}.Release(DLL)|x86.Build.0 = Release|Win32
		{94E0DA6C-F15C-416A-8992-5B067095F473}.Release(XP)|x64.ActiveCfg = Release|x64
		{94E0DA6C-F15C-416A-8992-5B067095F473}.Release(XP)|x64.Build.0 = Release|x64
		{94E0DA6C-F15C-416A-8992-5B067095F473}.Release(XP)|x86.ActiveCfg = Release|Win32
		{94E0DA6C-F15C-416A-8992-5B067095F473}.Release(XP)|x86.Build.0 = Release|Win32
		{94E0DA6C-F15C-416A-8992-5B067095F473}.Release|x64.ActiveCfg = Release|x64
		{94E0DA6C-F15C-416A-8992-5B067095F473}.Release|x64.Build.0 = Release|x64
		{94E0DA6C-F15C-416A-8992-5B067095F473}.Release|x86.ActiveCfg = Release|Win32
		{94E0DA6C-F15C-416A-8992-5B067095F473}.Release|x86.Build.0 = Release|Win32
		{A2C53563-46F5-4D87-903F-3F1F2FDB2DEB}.Debug(DLL)|x64.ActiveCfg = Debug(DLL)|x64
		{A2C53563-46F5-4D87-903F-3F1F2FDB2DEB}.Debug(DLL)|x64.Build.0 = Debug(DLL)|x64
		{A2C53563-46F5-4D87-903F-3F1F2FDB2DEB}.Debug(DLL)|x86.ActiveCfg = Debug(DLL)|Win32
		{A2C53563-46F5-4D87-903F-3F1F2FDB2DEB}.Debug(DLL)|x86.Build.0 = Debug(DLL)|Win32
		{A2C53563-46F5-4D87-903F-3F1F2FDB2DEB}.Debug(XP)|x64.ActiveCfg = Debug(XP)|x64
		{A2C53563-46F5-4D87-903F-3F1F2FDB2DEB}.Debug(XP)|x64.Build.0 = Debug(XP)|x64
		{A2C53563-46F5-4D87-903F-3F1F2FDB2DEB}.Debug(XP)|x86.ActiveCfg = Debug(XP)|Win32
		{A2C53563-46F5-4D87-903F-3F1F2FDB2DEB}.Debug(XP)|x86.Build.0 = Debug(XP)|Win32
		{A2C53563-46F5-4D87-903F-3F1F2FDB2DEB}.Debug|x64.ActiveCfg = Debug|x64
		{A2C53563-46F5-4D87-903F-3F1F2FDB2DEB}.Debug|x64.Build.0 = Debug|x64
		{A2C53563-46F5-4D87-903F-3F1F2FDB2DEB}.Debug|x86.ActiveCfg = Debug|Win32
		{A2C53563-46F5-4D87-903F-3F1F2FDB2DEB}.Debug|x86.Build.0 = Debug|Win32
		{A2C53563-46F5-4D87-903F-3F1F2FDB2DEB}.Release(DLL)|x64.ActiveCfg = Release(DLL)|x64
		{A2C53563-46F5-4D87-903F-3F1F2FDB2DEB}.Release(DLL)|x64.Build.0 = Release(DLL)|x64
		{A2C53563-46F5-4D87-903F-3F1F2FDB2DEB}.Release(DLL)|x86.ActiveCfg = Release(DLL)|Win32
		{A2C53563-46F5-4D87-903F-3F1F2FDB2DEB}.Release(DLL)|x86.Build.0 = Release(DLL)|Win32
		{A2C53563-46F5-4D87-903F-3F1F2FDB2DEB}.Release(XP)|x64.ActiveCfg = Release(XP)|x64
		{A2C53563-46F5-4D87-903F-3F1F2FDB2DEB}.Release(XP)|x64.Build.0 = Release(XP)|x64
		{A2C53563-46F5-4D87-903F-3F1F2FDB2DEB}.Release(XP)|x86.ActiveCfg = Release(XP)|Win32
		{A2C53563-46F5-4D87-903F-3F1F2FDB2DEB}.Release(XP)|x86.Build.0 = Release(XP)|Win32
		{A2C53563-46F5-4D87-903F-3F1F2FDB2DEB}.Release|x64.ActiveCfg = Release|x64
		{A2C53563-46F5-4D87-903F-3F1F2FDB2DEB}.Release|x64.Build.0 = Release|x64
		{A2C53563-46F5-4D87-903F-3F1F2FDB2DEB}.Release|x86.ActiveCfg = Release|Win32
		{A2C53563-46F5-4D87-903F-3F1F2FDB2DEB}.Release|x86.Build.0 = Release|Win32
		{86B4176D-F752-413D-A0A0-57FCAD4059DB}.Debug(DLL)|x64.ActiveCfg = Debug|x64
		{86B4176D-F752-413D-A0A0-57FCAD4059DB}.Debug(DLL)|x64.Build.0 = Debug|x64
		{86B4176D-F752-413D-A0A0-57FCAD4059DB}.Debug(DLL)|x86.ActiveCfg = Release|x64
		{86B4176D-F752-413D-A0A0-57FCAD4059DB}.Debug(DLL)|x86.Build.0 = Release|x64
		{86B4176D-F752-413D-A0A0-57FCAD4059DB}.Debug(XP)|x64.ActiveCfg = Debug|x64
		{86B4176D-F752-413D-A0A0-57FCAD4059DB}.Debug(XP)|x64.Build.0 = Debug|x64
		{86B4176D-F752-413D-A0A0-57FCAD4059DB}.Debug(XP)|x86.ActiveCfg = Release|x64
		{86B4176D-F752-413D-A0A0-57FCAD4059DB}.Debug(XP)|x86.Build.0 = Release|x64
		{86B4176D-F752-413D-A0A0-57FCAD4059DB}.Debug|x64.ActiveCfg = Debug|x64
		{86B4176D-F752-413D-A0A0-57FCAD4059DB}.Debug|x64.Build.0 = Debug|x64
		{86B4176D-F752-413D-A0A0-57FCAD4059DB}.Debug|x86.ActiveCfg = Debug|x64
		{86B4176D-F752-413D-A0A0-57FCAD4059DB}.Release(DLL)|x64.ActiveCfg = Release|x64
		{86B4176D-F752-413D-A0A0-57FCAD4059DB}.Release(DLL)|x64.Build.0 = Release|x64
		{86B4176D-F752-413D-A0A0-57FCAD4059DB}.Release(DLL)|x86.ActiveCfg = Release|x64
		{86B4176D-F752-413D-A0A0-57FCAD4059DB}.Release(DLL)|x86.Build.0 = Release|x64
		{86B4176D-F752-413D-A0A0-57FCAD4059DB}.Release(XP)|x64.ActiveCfg = Release|x64
		{86B4176D-F752-413D-A0A0-57FCAD4059DB}.Release(XP)|x64.Build.0 = Release|x64
		{86B4176D-F752-413D-A0A0-57FCAD4059DB}.Release(XP)|x86.ActiveCfg = Release|x64
		{86B4176D-F752-413D-A0A0-57FCAD4059DB}.Release(XP)|x86.Build.0 = Release|x64
		{86B4176D-F752-413D-A0A0-57FCAD4059DB}.Release|x64.ActiveCfg = Release|x64
		{86B4176D-F752-413D-A0A0-57FCAD4059DB}.Release|x64.Build.0 = Release|x64
		{86B4176D-F752-413D-A0A0-57FCAD4059DB}.Release|x86.ActiveCfg = Release|x64
		{86B4176D-F752-413D-A0A0-57FCAD4059DB}.Release|x86.Build.0 = Release|x64
		{AAF6F103-01D4-4831-9007-F3D0599143D3}.Debug(DLL)|x64.ActiveCfg = Debug|x64
		{AAF6F103-01D4-4831-9007-F3D0599143D3}.Debug(DLL)|x64.Build.0 = Debug|x64
		{AAF6F103-01D4-4831-9007-F3D0599143D3}.Debug(DLL)|x86.ActiveCfg = Debug|Win32
		{AAF6F103-01D4-4831-9007-F3D0599143D3}.Debug(DLL)|x86.Build.0 = Debug|Win32
		{AAF6F103-01D4-4831-9007-F3D0599143D3}.Debug(XP)|x64.ActiveCfg = Debug|x64
		{AAF6F103-01D4-4831-9007-F3D0599143D3}.Debug(XP)|x64.Build.0 = Debug|x64
		{AAF6F103-01D4-4831-9007-F3D0599143D3}.Debug(XP)|x86.ActiveCfg = Debug|Win32
		{AAF6F103-01D4-4831-9007-F3D0599143D3}.Debug(XP)|x86.Build.0 = Debug|Win32
		{AAF6F103-01D4-4831-9007-F3D0599143D3}.Debug|x64.ActiveCfg = Debug|x64
		{AAF6F103-01D4-4831-9007-F3D0599143D3}.Debug|x64.Build.0 = Debug|x64
		{AAF6F103-01D4-4831-9007-F3D0599143D3}.Debug|x86.ActiveCfg = Debug|Win32
		{AAF6F103-01D4-4831-9007-F3D0599143D3}.Debug|x86.Build.0 = Debug|Win32
		{AAF6F103-01D4-4831-9007-F3D0599143D3}.Release(DLL)|x64.ActiveCfg = Release|x64
		{AAF6F103-01D4-4831-9007-F3D0599143D3}.Release(DLL)|x64.Build.0 = Release|x64
		{AAF6F103-01D4-4831-9007-F3D0599143D3}.Release(DLL)|x86.ActiveCfg = Release|Win32
		{AAF6F103-01D4-4831-9007-F3D0599143D3}.Release(DLL)|x86.Build.0 = Release|Win32
		{AAF6F103-01D4-4831-9007-F3D0599143D3}.Release(XP)|x64.ActiveCfg = Release|x64
		{AAF6F103-01D4-4831-9007-F3D0599143D3}.Release(XP)|x64.Build.0 = Release|x64
		{AAF6F103-01D4-4831-9007-F3D0599143D3}.Release(XP)|x86.ActiveCfg = Release|Win32
		{AAF6F103-01D4-4831-9007-F3D0599143D3}.Release(XP)|x86.Build.0 = Release|Win32
		{AAF6F103-01D4-4831-9007-F3D0599143D3}.Release|x64.ActiveCfg = Release|x64
		{AAF6F103-01D4-4831-9007-F3D0599143D3}.Release|x64.Build.0 = Release|x64
		{AAF6F103-01D4-4831-9007-F3D0599143D3}.Release|x86.ActiveCfg = Release|Win32
		{AAF6F103-01D4-4831-9007-F3D0599143D3}.Release|x86.Build.0 = Release|Win32
		{FC412800-D458-45EE-B006-5D1647AB4CC1}.Debug(DLL)|x64.ActiveCfg = Debug|x64
		{FC412800-D458-45EE-B006-5D1647AB4CC1}.Debug(DLL)|x64.Build.0 = Debug|x64
		{FC412800-D458-45EE-B006-5D1647AB4CC1}.Debug(DLL)|x86.ActiveCfg = Debug|Win32
		{FC412800-D458-45EE-B006-5D1647AB4CC1}.Debug(DLL)|x86.Build.0 = Debug|Win32
		{FC412800-D458-45EE-B006-5D1647AB4CC1}.Debug(XP)|x64.ActiveCfg = Debug|x64
		{FC412800-D458-45EE-B006-5D1647AB4CC1}.Debug(XP)|x64.Build.0 = Debug|x64
		{FC412800-D458-45EE-B006-5D1647AB4CC1}.Debug(XP)|x86.ActiveCfg = Debug|Win32
		{FC412800-D458-45EE-B006-5D1647AB4CC1}.Debug(XP)|x86.Build.0 = Debug|Win32
		{FC412800-D458-45EE-B006-5D1647AB4CC1}.Debug|x64.ActiveCfg = Debug|x64
		{FC412800-D458-45EE-B006-5D1647AB4CC1}.Debug|x64.Build.0 = Debug|x64
		{FC412800-D458-45EE-B006-5D1647AB4CC1}.Debug|x86.ActiveCfg = Debug|Win32
		{FC412800-D458-45EE-B006-5D1647AB4CC1}.Debug|x86.Build.0 = Debug|Win32
		{FC412800-D458-45EE-B006-5D1647AB4CC1}.Release(DLL)|x64.ActiveCfg = Release|x64
		{FC412800-D458-45EE-B006-5D1647AB4CC1}.Release(DLL)|x64.Build.0 = Release|x64
		{FC412800-D458-45EE-B006-5D1647AB4CC1}.Release(DLL)|x86.ActiveCfg = Release|Win32
		{FC412800-D458-45EE-B006-5D1647AB4CC1}.Release(DLL)|x86.Build.0 = Release|Win32
		{FC412800-D458-45EE-B006-5D1647AB4CC1}.Release(XP)|x64.ActiveCfg = Release|x64
		{FC412800-D458-45EE-B006-5D1647AB4CC1}.Release(XP)|x64.Build.0 = Release|x64
		{FC412800-D458-45EE-B006-5D1647AB4CC1}.Release(XP)|x86.ActiveCfg = Release|Win32
		{FC412800-D458-45EE-B006-5D1647AB4CC1}.Release(XP)|x86.Build.0 = Release|Win32
		{FC412800-D458-45EE-B006-5D1647AB4CC1}.Release|x64.ActiveCfg = Release|x64
		{FC412800-D458-45EE-B006-5D1647AB4CC1}.Release|x64.Build.0 = Release|x64
		{FC412800-D458-45EE-B006-5D1647AB4CC1}.Release|x86.ActiveCfg = Release|Win32
		{FC412800-D458-45EE-B006-5D1647AB4CC1}.Release|x86.Build.0 = Release|Win32
		{A8BAA208-D883-4983-A580-A032B373E8FB}.Debug(DLL)|x64.ActiveCfg = Debug|x64
		{A8BAA208-D883-4983-A580-A032B373E8FB}.Debug(DLL)|x64.Build.0 = Debug|x64
		{A8BAA208-D883-4983-A580-A032B373E8FB}.Debug(DLL)|x86.ActiveCfg = Debug|Win32
		{A8BAA208-D883-4983-A580-A032B373E8FB}.Debug(DLL)|x86.Build.0 = Debug|Win32
		{A8BAA208-D883-4983-A580-A032B373E8FB}.Debug(XP)|x64.ActiveCfg = Debug|x64
		{A8BAA208-D883-4983-A580-A032B373E8FB}.Debug(XP)|x64.Build.0 = Debug|x64
		{A8BAA208-D883-4983-A580-A032B373E8FB}.Debug(XP)|x86.ActiveCfg = Debug|Win32
		{A8BAA208-D883-4983-A580-A032B373E8FB}.Debug(XP)|x86.Build.0 = Debug|Win32
		{A8BAA208-D883-4983-A580-A032B373E8FB}.Debug|x64.ActiveCfg = Debug|x64
		{A8BAA208-D883-4983-A580-A032B373E8FB}.Debug|x64.Build.0 = Debug|x64
		{A8BAA208-D883-4983-A580-A032B373E8FB}.Debug|x86.ActiveCfg = Debug|Win32
		{A8BAA208-D883-4983-A580-A032B373E8FB}.Debug|x86.Build.0 = Debug|Win32
		{A8BAA208-D883-4983-A580-A032B373E8FB}.Release(DLL)|x64.ActiveCfg = Release|x64
		{A8BAA208-D883-4983-A580-A032B373E8FB}.Release(DLL)|x64.Build.0 = Release|x64
		{A8BAA208-D883-4983-A580-A032B373E8FB}.Release(DLL)|x86.ActiveCfg = Release|Win32
		{A8BAA208-D883-4983-A580-A032B373E8FB}.Release(DLL)|x86.Build.0 = Release|Win32
		{A8BAA208-D883-4983-A580-A032B373E8FB}.Release(XP)|x64.ActiveCfg = Release|x64
		{A8BAA208-D883-4983-A580-A032B373E8FB}.Release(XP)|x64.Build.0 = Release|x64
		{A8BAA208-D883-4983-A580-A032B373E8FB}.Release(XP)|x86.ActiveCfg = Release|Win32
		{A8BAA208-D883-4983-A580-A032B373E8FB}.Release(XP)|x86.Build.0 = Release|Win32
		{A8BAA208-D883-4983-A580-A032B373E8FB}.Release|x64.ActiveCfg = Release|x64
		{A8BAA208-D883-4983-A580-A032B373E8FB}.Release|x64.Build.0 = Release|x64
		{A8BAA208-D883-4983-A580-A032B373E8FB}.Release|x86.ActiveCfg = Release|Win32
		{A8BAA208-D883-4983-A580-A032B373E8FB}.Release|x86.Build.0 = Release|Win32
		{C27EF22F-DC58-4A79-8C40-4E24894C7AD0}.Debug(DLL)|x64.ActiveCfg = Debug|x64
		{C27EF22F-DC58-4A79-8C40-4E24894C7AD0}.Debug(DLL)|x64.Build.0 = Debug|x64
		{C27EF22F-DC58-4A79-8C40-4E24894C7AD0}.Debug(DLL)|x86.ActiveCfg = Debug|Win32
		{C27EF22F-DC58-4A79-8C40-4E24894C7AD0}.Debug(DLL)|x86.Build.0 = Debug|Win32
		{C27EF22F-DC58-4A79-8C40-4E24894C7AD0}.Debug(XP)|x64.ActiveCfg = Debug|x64
		{C27EF22F-DC58-4A79-8C40-4E24894C7AD0}.Debug(XP)|x64.Build.0 = Debug|x64
		{C27EF22F-DC58-4A79-8C40-4E24894C7AD0}.Debug(XP)|x86.ActiveCfg = Debug|Win32
		{C27EF22F-DC58-4A79-8C40-4E24894C7AD0}.Debug(XP)|x86.Build.0 = Debug|Win32
		{C27EF22F-DC58-4A79-8C40-4E24894C7AD0}.Debug|x64.ActiveCfg = Debug|x64
		{C27EF22F-DC58-4A79-8C40-4E24894C7AD0}.Debug|x64.Build.0 = Debug|x64
		{C27EF22F-DC58-4A79-8C40-4E24894C7AD0}.Debug|x86.ActiveCfg = Debug|Win32
		{C27EF22F-DC58-4A79-8C40-4E24894C7AD0}.Debug|x86.Build.0 = Debug|Win32
		{C27EF22F-DC58-4A79-8C40-4E24894C7AD0}.Release(DLL)|x64.ActiveCfg = Release|x64
		{C27EF22F-DC58-4A79-8C40-4E24894C7AD0}.Release(DLL)|x64.Build.0 = Release|x64
		{C27EF22F-DC58-4A79-8C40-4E24894C7AD0}.Release(DLL)|x86.ActiveCfg = Release|Win32
		{C27EF22F-DC58-4A79-8C40-4E24894C7AD0}.Release(DLL)|x86.Build.0 = Release|Win32
		{C27EF22F-DC58-4A79-8C40-4E24894C7AD0}.Release(XP)|x64.ActiveCfg = Release|x64
		{C27EF22F-DC58-4A79-8C40-4E24894C7AD0}.Release(XP)|x64.Build.0 = Release|x64
		{C27EF22F-DC58-4A79-8C40-4E24894C7AD0}.Release(XP)|x86.ActiveCfg = Release|Win32
		{C27EF22F-DC58-4A79-8C40-4E24894C7AD0}.Release(XP)|x86.Build.0 = Release|Win32
		{C27EF22F-DC58-4A79-8C40-4E24894C7AD0}.Release|x64.ActiveCfg = Release|x64
		{C27EF22F-DC58-4A79-8C40-4E24894C7AD0}.Release|x64.Build.0 = Release|x64
		{C27EF22F-DC58-4A79-8C40-4E24894C7AD0}.Release|x86.ActiveCfg = Release|Win32
		{C27EF22F-DC58-4A79-8C40-4E24894C7AD0}.Release|x86.Build.0 = Release|Win32
		{B99F32EA-EFD6-4414-9599-ED2838362CE4}.Debug(DLL)|x64.ActiveCfg = Debug|x64
		{B99F32EA-EFD6-4414-9599-ED2838362CE4}.Debug(DLL)|x64.Build.0 = Debug|x64
		{B99F32EA-EFD6-4414-9599-ED2838362CE4}.Debug(DLL)|x86.ActiveCfg = Debug|Win32
		{B99F32EA-EFD6-4414-9599-ED2838362CE4}.Debug(DLL)|x86.Build.0 = Debug|Win32
		{B99F32EA-EFD6-4414-9599-ED2838362CE4}.Debug(XP)|x64.ActiveCfg = Debug|x64
		{B99F32EA-EFD6-4414-9599-ED2838362CE4}.Debug(XP)|x64.Build.0 = Debug|x64
		{B99F32EA-EFD6-4414-9599-ED2838362CE4}.Debug(XP)|x86.ActiveCfg = Debug|Win32
		{B99F32EA-EFD6-4414-9599-ED2838362CE4}.Debug(XP)|x86.Build.0 = Debug|Win32
		{B99F32EA-EFD6-4414-9599-ED2838362CE4}.Debug|x64.ActiveCfg = Debug|x64
		{B99F32EA-EFD6-4414-9599-ED2838362CE4}.Debug|x64.Build.0 = Debug|x64
		{B99F32EA-EFD6-4414-9599-ED2838362CE4}.Debug|x86.ActiveCfg = Debug|Win32
		{B99F32EA-EFD6-4414-9599-ED2838362CE4}.Debug|x86.Build.0 = Debug|Win32
		{B99F32EA-EFD6-4414-9599-ED2838362CE4}.Release(DLL)|x64.ActiveCfg = Release|x64
		{B99F32EA-EFD6-4414-9599-ED2838362CE4}.Release(DLL)|x64.Build.0 = Release|x64
		{B99F32EA-EFD6-4414-9599-ED2838362CE4}.Release(DLL)|x86.ActiveCfg = Release|Win32
		{B99F32EA-EFD6-4414-9599-ED2838362CE4}.Release(DLL)|x86.Build.0 = Release|Win32
		{B99F32EA-EFD6-4414-9599-ED2838362CE4}.Release(XP)|x64.ActiveCfg = Release|x64
		{B99F32EA-EFD6-4414-9599-ED2838362CE4}.Release(XP)|x64.Build.0 = Release|x64
		{B99F32EA-EFD6-4414-9599-ED2838362CE4}.Release(XP)|x86.ActiveCfg = Release|Win32
		{B99F32EA-EFD6-4414-9599-ED2838362CE4}.Release(XP)|x86.Build.0 = Release|Win32
		{B99F32EA-EFD6-4414-9599-ED2838362CE4}.Release|x64.ActiveCfg = Release|x64
		{B99F32EA-EFD6-4414-9599-ED2838362CE4}.Release|x64.Build.0 = Release|x64
		{B99F32EA-EFD6-4414-9599-ED2838362CE4}.Release|x86.ActiveCfg = Release|Win32
		{B99F32EA-EFD6-4414-9599-ED2838362CE4}.Release|x86.Build.0 = Release|Win32
	EndGlobalSection
	GlobalSection(SolutionProperties) = preSolution
		HideSolutionNode = FALSE
	EndGlobalSection
EndGlobal
