
Microsoft Visual Studio Solution File, Format Version 12.00
# Visual Studio 15
VisualStudioVersion = 15.0.26430.13
MinimumVisualStudioVersion = 10.0.40219.1
Project("{FAE04EC0-301F-11D3-BF4B-00C04F79EFBC}") = "Cloud360", "Cloud360.csproj", "{EBED66FD-921E-46EA-9AF2-962183313C03}"
EndProject
Global
	GlobalSection(SolutionConfigurationPlatforms) = preSolution
		Debug|Any CPU = Debug|Any CPU
		Debug|ARM = Debug|ARM
		Debug|x64 = Debug|x64
		Debug|x86 = Debug|x86
		Release|Any CPU = Release|Any CPU
		Release|ARM = Release|ARM
		Release|x64 = Release|x64
		Release|x86 = Release|x86
	EndGlobalSection
	GlobalSection(ProjectConfigurationPlatforms) = postSolution
		{EBED66FD-921E-46EA-9AF2-962183313C03}.Debug|Any CPU.ActiveCfg = Debug|Any CPU
		{EBED66FD-921E-46EA-9AF2-962183313C03}.Debug|Any CPU.Build.0 = Debug|Any CPU
		{EBED66FD-921E-46EA-9AF2-962183313C03}.Debug|ARM.ActiveCfg = Debug|Any CPU
		{EBED66FD-921E-46EA-9AF2-962183313C03}.Debug|ARM.Build.0 = Debug|Any CPU
		{EBED66FD-921E-46EA-9AF2-962183313C03}.Debug|x64.ActiveCfg = Debug|x64
		{EBED66FD-921E-46EA-9AF2-962183313C03}.Debug|x64.Build.0 = Debug|x64
		{EBED66FD-921E-46EA-9AF2-962183313C03}.Debug|x86.ActiveCfg = Debug|Any CPU
		{EBED66FD-921E-46EA-9AF2-962183313C03}.Debug|x86.Build.0 = Debug|Any CPU
		{EBED66FD-921E-46EA-9AF2-962183313C03}.Release|Any CPU.ActiveCfg = Release|Any CPU
		{EBED66FD-921E-46EA-9AF2-962183313C03}.Release|Any CPU.Build.0 = Release|Any CPU
		{EBED66FD-921E-46EA-9AF2-962183313C03}.Release|ARM.ActiveCfg = Release|Any CPU
		{EBED66FD-921E-46EA-9AF2-962183313C03}.Release|ARM.Build.0 = Release|Any CPU
		{EBED66FD-921E-46EA-9AF2-962183313C03}.Release|x64.ActiveCfg = Release|x64
		{EBED66FD-921E-46EA-9AF2-962183313C03}.Release|x64.Build.0 = Release|x64
		{EBED66FD-921E-46EA-9AF2-962183313C03}.Release|x86.ActiveCfg = Release|Any CPU
		{EBED66FD-921E-46EA-9AF2-962183313C03}.Release|x86.Build.0 = Release|Any CPU
	EndGlobalSection
	GlobalSection(SolutionProperties) = preSolution
		HideSolutionNode = FALSE
	EndGlobalSection
EndGlobal
